
Microsoft Visual Studio Solution File, Format Version 12.00
# Visual Studio Version 16
VisualStudioVersion = 16.0.31005.135
MinimumVisualStudioVersion = 10.0.40219.1
Project("{FAE04EC0-301F-11D3-BF4B-00C04F79EFBC}") = "HourlyPromptWF", "HourlyPromptWF.csproj", "{D4E67C59-7FB3-42AE-8225-06145AB87081}"
EndProject
Global
	GlobalSection(SolutionConfigurationPlatforms) = preSolution
		Debug|Any CPU = Debug|Any CPU
		Release|Any CPU = Release|Any CPU
	EndGlobalSection
	GlobalSection(ProjectConfigurationPlatforms) = postSolution
		{D4E67C59-7FB3-42AE-8225-06145AB87081}.Debug|Any CPU.ActiveCfg = Debug|Any CPU
		{D4E67C59-7FB3-42AE-8225-06145AB87081}.Debug|Any CPU.Build.0 = Debug|Any CPU
		{D4E67C59-7FB3-42AE-8225-06145AB87081}.Release|Any CPU.ActiveCfg = Release|Any CPU
		{D4E67C59-7FB3-42AE-8225-06145AB87081}.Release|Any CPU.Build.0 = Release|Any CPU
	EndGlobalSection
	GlobalSection(SolutionProperties) = preSolution
		HideSolutionNode = FALSE
	EndGlobalSection
	GlobalSection(ExtensibilityGlobals) = postSolution
		SolutionGuid = {2DC20DED-E50D-480A-9A9C-8DA37E1491A0}
	EndGlobalSection
EndGlobal
